// !$*UTF8*$!
{
	archiveVersion = 1;
	classes = {
	};
	objectVersion = 46;
	objects = {

/* Begin PBXBuildFile section */
		704A00081ED2994500BB0E1F /* Rock_Paper_ScissorsUITests.m in Sources */ = {isa = PBXBuildFile; fileRef = 704A00071ED2994500BB0E1F /* Rock_Paper_ScissorsUITests.m */; };
		704AFFDD1ED2994500BB0E1F /* main.m in Sources */ = {isa = PBXBuildFile; fileRef = 704AFFDC1ED2994500BB0E1F /* main.m */; };
		704AFFE01ED2994500BB0E1F /* AppDelegate.m in Sources */ = {isa = PBXBuildFile; fileRef = 704AFFDF1ED2994500BB0E1F /* AppDelegate.m */; };
		704AFFE21ED2994500BB0E1F /* GameScene.sks in Resources */ = {isa = PBXBuildFile; fileRef = 704AFFE11ED2994500BB0E1F /* GameScene.sks */; };
		704AFFE41ED2994500BB0E1F /* Actions.sks in Resources */ = {isa = PBXBuildFile; fileRef = 704AFFE31ED2994500BB0E1F /* Actions.sks */; };
		704AFFE71ED2994500BB0E1F /* GameScene.m in Sources */ = {isa = PBXBuildFile; fileRef = 704AFFE61ED2994500BB0E1F /* GameScene.m */; };
		704AFFEA1ED2994500BB0E1F /* GameViewController.m in Sources */ = {isa = PBXBuildFile; fileRef = 704AFFE91ED2994500BB0E1F /* GameViewController.m */; };
		704AFFED1ED2994500BB0E1F /* Main.storyboard in Resources */ = {isa = PBXBuildFile; fileRef = 704AFFEB1ED2994500BB0E1F /* Main.storyboard */; };
		704AFFEF1ED2994500BB0E1F /* Assets.xcassets in Resources */ = {isa = PBXBuildFile; fileRef = 704AFFEE1ED2994500BB0E1F /* Assets.xcassets */; };
		704AFFF21ED2994500BB0E1F /* LaunchScreen.storyboard in Resources */ = {isa = PBXBuildFile; fileRef = 704AFFF01ED2994500BB0E1F /* LaunchScreen.storyboard */; };
		704AFFFD1ED2994500BB0E1F /* Rock_Paper_ScissorsTests.m in Sources */ = {isa = PBXBuildFile; fileRef = 704AFFFC1ED2994500BB0E1F /* Rock_Paper_ScissorsTests.m */; };
/* End PBXBuildFile section */

/* Begin PBXContainerItemProxy section */
		704A00041ED2994500BB0E1F /* PBXContainerItemProxy */ = {
			isa = PBXContainerItemProxy;
			containerPortal = 704AFFD01ED2994500BB0E1F /* Project object */;
			proxyType = 1;
			remoteGlobalIDString = 704AFFD71ED2994500BB0E1F;
			remoteInfo = "Rock,Paper,Scissors";
		};
		704AFFF91ED2994500BB0E1F /* PBXContainerItemProxy */ = {
			isa = PBXContainerItemProxy;
			containerPortal = 704AFFD01ED2994500BB0E1F /* Project object */;
			proxyType = 1;
			remoteGlobalIDString = 704AFFD71ED2994500BB0E1F;
			remoteInfo = "Rock,Paper,Scissors";
		};
/* End PBXContainerItemProxy section */

/* Begin PBXFileReference section */
		704A00031ED2994500BB0E1F /* Rock,Paper,ScissorsUITests.xctest */ = {isa = PBXFileReference; explicitFileType = wrapper.cfbundle; includeInIndex = 0; path = "Rock,Paper,ScissorsUITests.xctest"; sourceTree = BUILT_PRODUCTS_DIR; };
		704A00071ED2994500BB0E1F /* Rock_Paper_ScissorsUITests.m */ = {isa = PBXFileReference; lastKnownFileType = sourcecode.c.objc; path = Rock_Paper_ScissorsUITests.m; sourceTree = "<group>"; };
		704A00091ED2994500BB0E1F /* Info.plist */ = {isa = PBXFileReference; lastKnownFileType = text.plist.xml; path = Info.plist; sourceTree = "<group>"; };
		704AFFD81ED2994500BB0E1F /* Rock,Paper,Scissors.app */ = {isa = PBXFileReference; explicitFileType = wrapper.application; includeInIndex = 0; path = "Rock,Paper,Scissors.app"; sourceTree = BUILT_PRODUCTS_DIR; };
		704AFFDC1ED2994500BB0E1F /* main.m */ = {isa = PBXFileReference; lastKnownFileType = sourcecode.c.objc; path = main.m; sourceTree = "<group>"; };
		704AFFDE1ED2994500BB0E1F /* AppDelegate.h */ = {isa = PBXFileReference; lastKnownFileType = sourcecode.c.h; path = AppDelegate.h; sourceTree = "<group>"; };
		704AFFDF1ED2994500BB0E1F /* AppDelegate.m */ = {isa = PBXFileReference; lastKnownFileType = sourcecode.c.objc; path = AppDelegate.m; sourceTree = "<group>"; };
		704AFFE11ED2994500BB0E1F /* GameScene.sks */ = {isa = PBXFileReference; lastKnownFileType = file.sks; path = GameScene.sks; sourceTree = "<group>"; };
		704AFFE31ED2994500BB0E1F /* Actions.sks */ = {isa = PBXFileReference; lastKnownFileType = file.sks; path = Actions.sks; sourceTree = "<group>"; };
		704AFFE51ED2994500BB0E1F /* GameScene.h */ = {isa = PBXFileReference; lastKnownFileType = sourcecode.c.h; path = GameScene.h; sourceTree = "<group>"; };
		704AFFE61ED2994500BB0E1F /* GameScene.m */ = {isa = PBXFileReference; lastKnownFileType = sourcecode.c.objc; path = GameScene.m; sourceTree = "<group>"; };
		704AFFE81ED2994500BB0E1F /* GameViewController.h */ = {isa = PBXFileReference; lastKnownFileType = sourcecode.c.h; path = GameViewController.h; sourceTree = "<group>"; };
		704AFFE91ED2994500BB0E1F /* GameViewController.m */ = {isa = PBXFileReference; lastKnownFileType = sourcecode.c.objc; path = GameViewController.m; sourceTree = "<group>"; };
		704AFFEC1ED2994500BB0E1F /* Base */ = {isa = PBXFileReference; lastKnownFileType = file.storyboard; name = Base; path = Base.lproj/Main.storyboard; sourceTree = "<group>"; };
		704AFFEE1ED2994500BB0E1F /* Assets.xcassets */ = {isa = PBXFileReference; lastKnownFileType = folder.assetcatalog; path = Assets.xcassets; sourceTree = "<group>"; };
		704AFFF11ED2994500BB0E1F /* Base */ = {isa = PBXFileReference; lastKnownFileType = file.storyboard; name = Base; path = Base.lproj/LaunchScreen.storyboard; sourceTree = "<group>"; };
		704AFFF31ED2994500BB0E1F /* Info.plist */ = {isa = PBXFileReference; lastKnownFileType = text.plist.xml; path = Info.plist; sourceTree = "<group>"; };
		704AFFF81ED2994500BB0E1F /* Rock,Paper,ScissorsTests.xctest */ = {isa = PBXFileReference; explicitFileType = wrapper.cfbundle; includeInIndex = 0; path = "Rock,Paper,ScissorsTests.xctest"; sourceTree = BUILT_PRODUCTS_DIR; };
		704AFFFC1ED2994500BB0E1F /* Rock_Paper_ScissorsTests.m */ = {isa = PBXFileReference; lastKnownFileType = sourcecode.c.objc; path = Rock_Paper_ScissorsTests.m; sourceTree = "<group>"; };
		704AFFFE1ED2994500BB0E1F /* Info.plist */ = {isa = PBXFileReference; lastKnownFileType = text.plist.xml; path = Info.plist; sourceTree = "<group>"; };
/* End PBXFileReference section */

/* Begin PBXFrameworksBuildPhase section */
		704A00001ED2994500BB0E1F /* Frameworks */ = {
			isa = PBXFrameworksBuildPhase;
			buildActionMask = 2147483647;
			files = (
			);
			runOnlyForDeploymentPostprocessing = 0;
		};
		704AFFD51ED2994500BB0E1F /* Frameworks */ = {
			isa = PBXFrameworksBuildPhase;
			buildActionMask = 2147483647;
			files = (
			);
			runOnlyForDeploymentPostprocessing = 0;
		};
		704AFFF51ED2994500BB0E1F /* Frameworks */ = {
			isa = PBXFrameworksBuildPhase;
			buildActionMask = 2147483647;
			files = (
			);
			runOnlyForDeploymentPostprocessing = 0;
		};
/* End PBXFrameworksBuildPhase section */

/* Begin PBXGroup section */
		704A00061ED2994500BB0E1F /* Rock,Paper,ScissorsUITests */ = {
			isa = PBXGroup;
			children = (
				704A00071ED2994500BB0E1F /* Rock_Paper_ScissorsUITests.m */,
				704A00091ED2994500BB0E1F /* Info.plist */,
			);
			path = "Rock,Paper,ScissorsUITests";
			sourceTree = "<group>";
		};
		704AFFCF1ED2994500BB0E1F = {
			isa = PBXGroup;
			children = (
				704AFFDA1ED2994500BB0E1F /* Rock,Paper,Scissors */,
				704AFFFB1ED2994500BB0E1F /* Rock,Paper,ScissorsTests */,
				704A00061ED2994500BB0E1F /* Rock,Paper,ScissorsUITests */,
				704AFFD91ED2994500BB0E1F /* Products */,
			);
			sourceTree = "<group>";
		};
		704AFFD91ED2994500BB0E1F /* Products */ = {
			isa = PBXGroup;
			children = (
				704AFFD81ED2994500BB0E1F /* Rock,Paper,Scissors.app */,
				704AFFF81ED2994500BB0E1F /* Rock,Paper,ScissorsTests.xctest */,
				704A00031ED2994500BB0E1F /* Rock,Paper,ScissorsUITests.xctest */,
			);
			name = Products;
			sourceTree = "<group>";
		};
		704AFFDA1ED2994500BB0E1F /* Rock,Paper,Scissors */ = {
			isa = PBXGroup;
			children = (
				704AFFDE1ED2994500BB0E1F /* AppDelegate.h */,
				704AFFDF1ED2994500BB0E1F /* AppDelegate.m */,
				704AFFE11ED2994500BB0E1F /* GameScene.sks */,
				704AFFE31ED2994500BB0E1F /* Actions.sks */,
				704AFFE51ED2994500BB0E1F /* GameScene.h */,
				704AFFE61ED2994500BB0E1F /* GameScene.m */,
				704AFFE81ED2994500BB0E1F /* GameViewController.h */,
				704AFFE91ED2994500BB0E1F /* GameViewController.m */,
				704AFFEB1ED2994500BB0E1F /* Main.storyboard */,
				704AFFEE1ED2994500BB0E1F /* Assets.xcassets */,
				704AFFF01ED2994500BB0E1F /* LaunchScreen.storyboard */,
				704AFFF31ED2994500BB0E1F /* Info.plist */,
				704AFFDB1ED2994500BB0E1F /* Supporting Files */,
			);
			path = "Rock,Paper,Scissors";
			sourceTree = "<group>";
		};
		704AFFDB1ED2994500BB0E1F /* Supporting Files */ = {
			isa = PBXGroup;
			children = (
				704AFFDC1ED2994500BB0E1F /* main.m */,
			);
			name = "Supporting Files";
			sourceTree = "<group>";
		};
		704AFFFB1ED2994500BB0E1F /* Rock,Paper,ScissorsTests */ = {
			isa = PBXGroup;
			children = (
				704AFFFC1ED2994500BB0E1F /* Rock_Paper_ScissorsTests.m */,
				704AFFFE1ED2994500BB0E1F /* Info.plist */,
			);
			path = "Rock,Paper,ScissorsTests";
			sourceTree = "<group>";
		};
/* End PBXGroup section */

/* Begin PBXNativeTarget section */
		704A00021ED2994500BB0E1F /* Rock,Paper,ScissorsUITests */ = {
			isa = PBXNativeTarget;
			buildConfigurationList = 704A00121ED2994500BB0E1F /* Build configuration list for PBXNativeTarget "Rock,Paper,ScissorsUITests" */;
			buildPhases = (
				704AFFFF1ED2994500BB0E1F /* Sources */,
				704A00001ED2994500BB0E1F /* Frameworks */,
				704A00011ED2994500BB0E1F /* Resources */,
			);
			buildRules = (
			);
			dependencies = (
				704A00051ED2994500BB0E1F /* PBXTargetDependency */,
			);
			name = "Rock,Paper,ScissorsUITests";
			productName = "Rock,Paper,ScissorsUITests";
			productReference = 704A00031ED2994500BB0E1F /* Rock,Paper,ScissorsUITests.xctest */;
			productType = "com.apple.product-type.bundle.ui-testing";
		};
		704AFFD71ED2994500BB0E1F /* Rock,Paper,Scissors */ = {
			isa = PBXNativeTarget;
			buildConfigurationList = 704A000C1ED2994500BB0E1F /* Build configuration list for PBXNativeTarget "Rock,Paper,Scissors" */;
			buildPhases = (
				704AFFD41ED2994500BB0E1F /* Sources */,
				704AFFD51ED2994500BB0E1F /* Frameworks */,
				704AFFD61ED2994500BB0E1F /* Resources */,
			);
			buildRules = (
			);
			dependencies = (
			);
			name = "Rock,Paper,Scissors";
			productName = "Rock,Paper,Scissors";
			productReference = 704AFFD81ED2994500BB0E1F /* Rock,Paper,Scissors.app */;
			productType = "com.apple.product-type.application";
		};
		704AFFF71ED2994500BB0E1F /* Rock,Paper,ScissorsTests */ = {
			isa = PBXNativeTarget;
			buildConfigurationList = 704A000F1ED2994500BB0E1F /* Build configuration list for PBXNativeTarget "Rock,Paper,ScissorsTests" */;
			buildPhases = (
				704AFFF41ED2994500BB0E1F /* Sources */,
				704AFFF51ED2994500BB0E1F /* Frameworks */,
				704AFFF61ED2994500BB0E1F /* Resources */,
			);
			buildRules = (
			);
			dependencies = (
				704AFFFA1ED2994500BB0E1F /* PBXTargetDependency */,
			);
			name = "Rock,Paper,ScissorsTests";
			productName = "Rock,Paper,ScissorsTests";
			productReference = 704AFFF81ED2994500BB0E1F /* Rock,Paper,ScissorsTests.xctest */;
			productType = "com.apple.product-type.bundle.unit-test";
		};
/* End PBXNativeTarget section */

/* Begin PBXProject section */
		704AFFD01ED2994500BB0E1F /* Project object */ = {
			isa = PBXProject;
			attributes = {
				LastUpgradeCheck = 0830;
				ORGANIZATIONNAME = "Meráki Studios";
				TargetAttributes = {
					704A00021ED2994500BB0E1F = {
						CreatedOnToolsVersion = 8.3.2;
						DevelopmentTeam = F7D6XTN338;
						ProvisioningStyle = Automatic;
						TestTargetID = 704AFFD71ED2994500BB0E1F;
					};
					704AFFD71ED2994500BB0E1F = {
						CreatedOnToolsVersion = 8.3.2;
						DevelopmentTeam = F7D6XTN338;
						ProvisioningStyle = Automatic;
					};
					704AFFF71ED2994500BB0E1F = {
						CreatedOnToolsVersion = 8.3.2;
						DevelopmentTeam = F7D6XTN338;
						ProvisioningStyle = Automatic;
						TestTargetID = 704AFFD71ED2994500BB0E1F;
					};
				};
			};
			buildConfigurationList = 704AFFD31ED2994500BB0E1F /* Build configuration list for PBXProject "Rock,Paper,Scissors" */;
			compatibilityVersion = "Xcode 3.2";
			developmentRegion = English;
			hasScannedForEncodings = 0;
			knownRegions = (
				en,
				Base,
			);
			mainGroup = 704AFFCF1ED2994500BB0E1F;
			productRefGroup = 704AFFD91ED2994500BB0E1F /* Products */;
			projectDirPath = "";
			projectRoot = "";
			targets = (
				704AFFD71ED2994500BB0E1F /* Rock,Paper,Scissors */,
				704AFFF71ED2994500BB0E1F /* Rock,Paper,ScissorsTests */,
				704A00021ED2994500BB0E1F /* Rock,Paper,ScissorsUITests */,
			);
		};
/* End PBXProject section */

/* Begin PBXResourcesBuildPhase section */
		704A00011ED2994500BB0E1F /* Resources */ = {
			isa = PBXResourcesBuildPhase;
			buildActionMask = 2147483647;
			files = (
			);
			runOnlyForDeploymentPostprocessing = 0;
		};
		704AFFD61ED2994500BB0E1F /* Resources */ = {
			isa = PBXResourcesBuildPhase;
			buildActionMask = 2147483647;
			files = (
				704AFFED1ED2994500BB0E1F /* Main.storyboard in Resources */,
				704AFFE21ED2994500BB0E1F /* GameScene.sks in Resources */,
				704AFFEF1ED2994500BB0E1F /* Assets.xcassets in Resources */,
				704AFFF21ED2994500BB0E1F /* LaunchScreen.storyboard in Resources */,
				704AFFE41ED2994500BB0E1F /* Actions.sks in Resources */,
			);
			runOnlyForDeploymentPostprocessing = 0;
		};
		704AFFF61ED2994500BB0E1F /* Resources */ = {
			isa = PBXResourcesBuildPhase;
			buildActionMask = 2147483647;
			files = (
			);
			runOnlyForDeploymentPostprocessing = 0;
		};
/* End PBXResourcesBuildPhase section */

/* Begin PBXSourcesBuildPhase section */
		704AFFD41ED2994500BB0E1F /* Sources */ = {
			isa = PBXSourcesBuildPhase;
			buildActionMask = 2147483647;
			files = (
				704AFFEA1ED2994500BB0E1F /* GameViewController.m in Sources */,
				704AFFE01ED2994500BB0E1F /* AppDelegate.m in Sources */,
				704AFFE71ED2994500BB0E1F /* GameScene.m in Sources */,
				704AFFDD1ED2994500BB0E1F /* main.m in Sources */,
			);
			runOnlyForDeploymentPostprocessing = 0;
		};
		704AFFF41ED2994500BB0E1F /* Sources */ = {
			isa = PBXSourcesBuildPhase;
			buildActionMask = 2147483647;
			files = (
				704AFFFD1ED2994500BB0E1F /* Rock_Paper_ScissorsTests.m in Sources */,
			);
			runOnlyForDeploymentPostprocessing = 0;
		};
		704AFFFF1ED2994500BB0E1F /* Sources */ = {
			isa = PBXSourcesBuildPhase;
			buildActionMask = 2147483647;
			files = (
				704A00081ED2994500BB0E1F /* Rock_Paper_ScissorsUITests.m in Sources */,
			);
			runOnlyForDeploymentPostprocessing = 0;
		};
/* End PBXSourcesBuildPhase section */

/* Begin PBXTargetDependency section */
		704A00051ED2994500BB0E1F /* PBXTargetDependency */ = {
			isa = PBXTargetDependency;
			target = 704AFFD71ED2994500BB0E1F /* Rock,Paper,Scissors */;
			targetProxy = 704A00041ED2994500BB0E1F /* PBXContainerItemProxy */;
		};
		704AFFFA1ED2994500BB0E1F /* PBXTargetDependency */ = {
			isa = PBXTargetDependency;
			target = 704AFFD71ED2994500BB0E1F /* Rock,Paper,Scissors */;
			targetProxy = 704AFFF91ED2994500BB0E1F /* PBXContainerItemProxy */;
		};
/* End PBXTargetDependency section */

/* Begin PBXVariantGroup section */
		704AFFEB1ED2994500BB0E1F /* Main.storyboard */ = {
			isa = PBXVariantGroup;
			children = (
				704AFFEC1ED2994500BB0E1F /* Base */,
			);
			name = Main.storyboard;
			sourceTree = "<group>";
		};
		704AFFF01ED2994500BB0E1F /* LaunchScreen.storyboard */ = {
			isa = PBXVariantGroup;
			children = (
				704AFFF11ED2994500BB0E1F /* Base */,
			);
			name = LaunchScreen.storyboard;
			sourceTree = "<group>";
		};
/* End PBXVariantGroup section */

/* Begin XCBuildConfiguration section */
		704A000A1ED2994500BB0E1F /* Debug */ = {
			isa = XCBuildConfiguration;
			buildSettings = {
				ALWAYS_SEARCH_USER_PATHS = NO;
				CLANG_ANALYZER_NONNULL = YES;
				CLANG_ANALYZER_NUMBER_OBJECT_CONVERSION = YES_AGGRESSIVE;
				CLANG_CXX_LANGUAGE_STANDARD = "gnu++0x";
				CLANG_CXX_LIBRARY = "libc++";
				CLANG_ENABLE_MODULES = YES;
				CLANG_ENABLE_OBJC_ARC = YES;
				CLANG_WARN_BOOL_CONVERSION = YES;
				CLANG_WARN_CONSTANT_CONVERSION = YES;
				CLANG_WARN_DIRECT_OBJC_ISA_USAGE = YES_ERROR;
				CLANG_WARN_DOCUMENTATION_COMMENTS = YES;
				CLANG_WARN_EMPTY_BODY = YES;
				CLANG_WARN_ENUM_CONVERSION = YES;
				CLANG_WARN_INFINITE_RECURSION = YES;
				CLANG_WARN_INT_CONVERSION = YES;
				CLANG_WARN_OBJC_ROOT_CLASS = YES_ERROR;
				CLANG_WARN_SUSPICIOUS_MOVE = YES;
				CLANG_WARN_UNREACHABLE_CODE = YES;
				CLANG_WARN__DUPLICATE_METHOD_MATCH = YES;
				"CODE_SIGN_IDENTITY[sdk=iphoneos*]" = "iPhone Developer";
				COPY_PHASE_STRIP = NO;
				DEBUG_INFORMATION_FORMAT = dwarf;
				ENABLE_STRICT_OBJC_MSGSEND = YES;
				ENABLE_TESTABILITY = YES;
				GCC_C_LANGUAGE_STANDARD = gnu99;
				GCC_DYNAMIC_NO_PIC = NO;
				GCC_NO_COMMON_BLOCKS = YES;
				GCC_OPTIMIZATION_LEVEL = 0;
				GCC_PREPROCESSOR_DEFINITIONS = (
					"DEBUG=1",
					"$(inherited)",
				);
				GCC_WARN_64_TO_32_BIT_CONVERSION = YES;
				GCC_WARN_ABOUT_RETURN_TYPE = YES_ERROR;
				GCC_WARN_UNDECLARED_SELECTOR = YES;
				GCC_WARN_UNINITIALIZED_AUTOS = YES_AGGRESSIVE;
				GCC_WARN_UNUSED_FUNCTION = YES;
				GCC_WARN_UNUSED_VARIABLE = YES;
				IPHONEOS_DEPLOYMENT_TARGET = 10.3;
				MTL_ENABLE_DEBUG_INFO = YES;
				ONLY_ACTIVE_ARCH = YES;
				SDKROOT = iphoneos;
			};
			name = Debug;
		};
		704A000B1ED2994500BB0E1F /* Release */ = {
			isa = XCBuildConfiguration;
			buildSettings = {
				ALWAYS_SEARCH_USER_PATHS = NO;
				CLANG_ANALYZER_NONNULL = YES;
				CLANG_ANALYZER_NUMBER_OBJECT_CONVERSION = YES_AGGRESSIVE;
				CLANG_CXX_LANGUAGE_STANDARD = "gnu++0x";
				CLANG_CXX_LIBRARY = "libc++";
				CLANG_ENABLE_MODULES = YES;
				CLANG_ENABLE_OBJC_ARC = YES;
				CLANG_WARN_BOOL_CONVERSION = YES;
				CLANG_WARN_CONSTANT_CONVERSION = YES;
				CLANG_WARN_DIRECT_OBJC_ISA_USAGE = YES_ERROR;
				CLANG_WARN_DOCUMENTATION_COMMENTS = YES;
				CLANG_WARN_EMPTY_BODY = YES;
				CLANG_WARN_ENUM_CONVERSION = YES;
				CLANG_WARN_INFINITE_RECURSION = YES;
				CLANG_WARN_INT_CONVERSION = YES;
				CLANG_WARN_OBJC_ROOT_CLASS = YES_ERROR;
				CLANG_WARN_SUSPICIOUS_MOVE = YES;
				CLANG_WARN_UNREACHABLE_CODE = YES;
				CLANG_WARN__DUPLICATE_METHOD_MATCH = YES;
				"CODE_SIGN_IDENTITY[sdk=iphoneos*]" = "iPhone Developer";
				COPY_PHASE_STRIP = NO;
				DEBUG_INFORMATION_FORMAT = "dwarf-with-dsym";
				ENABLE_NS_ASSERTIONS = NO;
				ENABLE_STRICT_OBJC_MSGSEND = YES;
				GCC_C_LANGUAGE_STANDARD = gnu99;
				GCC_NO_COMMON_BLOCKS = YES;
				GCC_WARN_64_TO_32_BIT_CONVERSION = YES;
				GCC_WARN_ABOUT_RETURN_TYPE = YES_ERROR;
				GCC_WARN_UNDECLARED_SELECTOR = YES;
				GCC_WARN_UNINITIALIZED_AUTOS = YES_AGGRESSIVE;
				GCC_WARN_UNUSED_FUNCTION = YES;
				GCC_WARN_UNUSED_VARIABLE = YES;
				IPHONEOS_DEPLOYMENT_TARGET = 10.3;
				MTL_ENABLE_DEBUG_INFO = NO;
				SDKROOT = iphoneos;
				VALIDATE_PRODUCT = YES;
			};
			name = Release;
		};
		704A000D1ED2994500BB0E1F /* Debug */ = {
			isa = XCBuildConfiguration;
			buildSettings = {
				ASSETCATALOG_COMPILER_APPICON_NAME = AppIcon;
				DEVELOPMENT_TEAM = F7D6XTN338;
				INFOPLIST_FILE = "Rock,Paper,Scissors/Info.plist";
				IPHONEOS_DEPLOYMENT_TARGET = 10.3;
				LD_RUNPATH_SEARCH_PATHS = "$(inherited) @executable_path/Frameworks";
				PRODUCT_BUNDLE_IDENTIFIER = "Mera-ki-Studios.Rock-Paper-Scissors";
				PRODUCT_NAME = "$(TARGET_NAME)";
			};
			name = Debug;
		};
		704A000E1ED2994500BB0E1F /* Release */ = {
			isa = XCBuildConfiguration;
			buildSettings = {
				ASSETCATALOG_COMPILER_APPICON_NAME = AppIcon;
				DEVELOPMENT_TEAM = F7D6XTN338;
				INFOPLIST_FILE = "Rock,Paper,Scissors/Info.plist";
				IPHONEOS_DEPLOYMENT_TARGET = 10.3;
				LD_RUNPATH_SEARCH_PATHS = "$(inherited) @executable_path/Frameworks";
				PRODUCT_BUNDLE_IDENTIFIER = "Mera-ki-Studios.Rock-Paper-Scissors";
				PRODUCT_NAME = "$(TARGET_NAME)";
			};
			name = Release;
		};
		704A00101ED2994500BB0E1F /* Debug */ = {
			isa = XCBuildConfiguration;
			buildSettings = {
				BUNDLE_LOADER = "$(TEST_HOST)";
				DEVELOPMENT_TEAM = F7D6XTN338;
				INFOPLIST_FILE = "Rock,Paper,ScissorsTests/Info.plist";
				LD_RUNPATH_SEARCH_PATHS = "$(inherited) @executable_path/Frameworks @loader_path/Frameworks";
				PRODUCT_BUNDLE_IDENTIFIER = "Mera-ki-Studios.Rock-Paper-ScissorsTests";
				PRODUCT_NAME = "$(TARGET_NAME)";
				TEST_HOST = "$(BUILT_PRODUCTS_DIR)/Rock,Paper,Scissors.app/Rock,Paper,Scissors";
			};
			name = Debug;
		};
		704A00111ED2994500BB0E1F /* Release */ = {
			isa = XCBuildConfiguration;
			buildSettings = {
				BUNDLE_LOADER = "$(TEST_HOST)";
				DEVELOPMENT_TEAM = F7D6XTN338;
				INFOPLIST_FILE = "Rock,Paper,ScissorsTests/Info.plist";
				LD_RUNPATH_SEARCH_PATHS = "$(inherited) @executable_path/Frameworks @loader_path/Frameworks";
				PRODUCT_BUNDLE_IDENTIFIER = "Mera-ki-Studios.Rock-Paper-ScissorsTests";
				PRODUCT_NAME = "$(TARGET_NAME)";
				TEST_HOST = "$(BUILT_PRODUCTS_DIR)/Rock,Paper,Scissors.app/Rock,Paper,Scissors";
			};
			name = Release;
		};
		704A00131ED2994500BB0E1F /* Debug */ = {
			isa = XCBuildConfiguration;
			buildSettings = {
				DEVELOPMENT_TEAM = F7D6XTN338;
				INFOPLIST_FILE = "Rock,Paper,ScissorsUITests/Info.plist";
				LD_RUNPATH_SEARCH_PATHS = "$(inherited) @executable_path/Frameworks @loader_path/Frameworks";
				PRODUCT_BUNDLE_IDENTIFIER = "Mera-ki-Studios.Rock-Paper-ScissorsUITests";
				PRODUCT_NAME = "$(TARGET_NAME)";
				TEST_TARGET_NAME = "Rock,Paper,Scissors";
			};
			name = Debug;
		};
		704A00141ED2994500BB0E1F /* Release */ = {
			isa = XCBuildConfiguration;
			buildSettings = {
				DEVELOPMENT_TEAM = F7D6XTN338;
				INFOPLIST_FILE = "Rock,Paper,ScissorsUITests/Info.plist";
				LD_RUNPATH_SEARCH_PATHS = "$(inherited) @executable_path/Frameworks @loader_path/Frameworks";
				PRODUCT_BUNDLE_IDENTIFIER = "Mera-ki-Studios.Rock-Paper-ScissorsUITests";
				PRODUCT_NAME = "$(TARGET_NAME)";
				TEST_TARGET_NAME = "Rock,Paper,Scissors";
			};
			name = Release;
		};
/* End XCBuildConfiguration section */

/* Begin XCConfigurationList section */
		704A000C1ED2994500BB0E1F /* Build configuration list for PBXNativeTarget "Rock,Paper,Scissors" */ = {
			isa = XCConfigurationList;
			buildConfigurations = (
				704A000D1ED2994500BB0E1F /* Debug */,
				704A000E1ED2994500BB0E1F /* Release */,
			);
			defaultConfigurationIsVisible = 0;
		};
		704A000F1ED2994500BB0E1F /* Build configuration list for PBXNativeTarget "Rock,Paper,ScissorsTests" */ = {
			isa = XCConfigurationList;
			buildConfigurations = (
				704A00101ED2994500BB0E1F /* Debug */,
				704A00111ED2994500BB0E1F /* Release */,
			);
			defaultConfigurationIsVisible = 0;
		};
		704A00121ED2994500BB0E1F /* Build configuration list for PBXNativeTarget "Rock,Paper,ScissorsUITests" */ = {
			isa = XCConfigurationList;
			buildConfigurations = (
				704A00131ED2994500BB0E1F /* Debug */,
				704A00141ED2994500BB0E1F /* Release */,
			);
			defaultConfigurationIsVisible = 0;
		};
		704AFFD31ED2994500BB0E1F /* Build configuration list for PBXProject "Rock,Paper,Scissors" */ = {
			isa = XCConfigurationList;
			buildConfigurations = (
				704A000A1ED2994500BB0E1F /* Debug */,
				704A000B1ED2994500BB0E1F /* Release */,
			);
			defaultConfigurationIsVisible = 0;
			defaultConfigurationName = Release;
		};
/* End XCConfigurationList section */
	};
	rootObject = 704AFFD01ED2994500BB0E1F /* Project object */;
}
