
Microsoft Visual Studio Solution File, Format Version 12.00
# Visual Studio 2017
Project("{FAE04EC0-301F-11D3-BF4B-00C04F79EFBC}") = "Potato2", "Potato2.csproj", "{406F7B37-7B66-1544-47B0-94FB37FBFFBC}"
EndProject
Global
	GlobalSection(SolutionConfigurationPlatforms) = preSolution
		Debug|Any CPU = Debug|Any CPU
		Release|Any CPU = Release|Any CPU
	EndGlobalSection
	GlobalSection(ProjectConfigurationPlatforms) = postSolution
		{406F7B37-7B66-1544-47B0-94FB37FBFFBC}.Debug|Any CPU.ActiveCfg = Debug|Any CPU
		{406F7B37-7B66-1544-47B0-94FB37FBFFBC}.Debug|Any CPU.Build.0 = Debug|Any CPU
		{406F7B37-7B66-1544-47B0-94FB37FBFFBC}.Release|Any CPU.ActiveCfg = Release|Any CPU
		{406F7B37-7B66-1544-47B0-94FB37FBFFBC}.Release|Any CPU.Build.0 = Release|Any CPU
	EndGlobalSection
	GlobalSection(SolutionProperties) = preSolution
		HideSolutionNode = FALSE
	EndGlobalSection
EndGlobal
